
Microsoft Visual Studio Solution File, Format Version 12.00
# Visual Studio Version 17
VisualStudioVersion = 17.10.35013.160
MinimumVisualStudioVersion = 10.0.40219.1
Project("{FAE04EC0-301F-11D3-BF4B-00C04F79EFBC}") = "PawnShop", "PawnShop.csproj", "{FCC7D9A2-6449-47A7-BF66-E6033D03E53D}"
EndProject
Global
	GlobalSection(SolutionConfigurationPlatforms) = preSolution
		Debug|Any CPU = Debug|Any CPU
		Release|Any CPU = Release|Any CPU
	EndGlobalSection
	GlobalSection(ProjectConfigurationPlatforms) = postSolution
		{FCC7D9A2-6449-47A7-BF66-E6033D03E53D}.Debug|Any CPU.ActiveCfg = Debug|Any CPU
		{FCC7D9A2-6449-47A7-BF66-E6033D03E53D}.Debug|Any CPU.Build.0 = Debug|Any CPU
		{FCC7D9A2-6449-47A7-BF66-E6033D03E53D}.Release|Any CPU.ActiveCfg = Release|Any CPU
		{FCC7D9A2-6449-47A7-BF66-E6033D03E53D}.Release|Any CPU.Build.0 = Release|Any CPU
	EndGlobalSection
	GlobalSection(SolutionProperties) = preSolution
		HideSolutionNode = FALSE
	EndGlobalSection
	GlobalSection(ExtensibilityGlobals) = postSolution
		SolutionGuid = {2B0E05C8-40FE-41B0-A458-DED0A4D26D45}
	EndGlobalSection
EndGlobal
